
Microsoft Visual Studio Solution File, Format Version 12.00
# Visual Studio Version 16
VisualStudioVersion = 16.0.30523.141
MinimumVisualStudioVersion = 10.0.40219.1
Project("{FAE04EC0-301F-11D3-BF4B-00C04F79EFBC}") = "SQPort", "SQPort\SQPort.csproj", "{83B2CEF2-E126-4F9D-BDCF-185946553B81}"
EndProject
Global
	GlobalSection(SolutionConfigurationPlatforms) = preSolution
		Debug|Any CPU = Debug|Any CPU
		Release|Any CPU = Release|Any CPU
	EndGlobalSection
	GlobalSection(ProjectConfigurationPlatforms) = postSolution
		{83B2CEF2-E126-4F9D-BDCF-185946553B81}.Debug|Any CPU.ActiveCfg = Debug|Any CPU
		{83B2CEF2-E126-4F9D-BDCF-185946553B81}.Debug|Any CPU.Build.0 = Debug|Any CPU
		{83B2CEF2-E126-4F9D-BDCF-185946553B81}.Release|Any CPU.ActiveCfg = Release|Any CPU
		{83B2CEF2-E126-4F9D-BDCF-185946553B81}.Release|Any CPU.Build.0 = Release|Any CPU
	EndGlobalSection
	GlobalSection(SolutionProperties) = preSolution
		HideSolutionNode = FALSE
	EndGlobalSection
	GlobalSection(ExtensibilityGlobals) = postSolution
		SolutionGuid = {51653D87-9C41-4B91-B644-9CF780556AA2}
	EndGlobalSection
EndGlobal
